
Microsoft Visual Studio Solution File, Format Version 12.00
# Visual Studio Version 17
VisualStudioVersion = 17.3.32929.385
MinimumVisualStudioVersion = 10.0.40219.1
Project("{FAE04EC0-301F-11D3-BF4B-00C04F79EFBC}") = "MVCBasics", "MVCBasics\MVCBasics.csproj", "{9E95A019-87C8-498D-81B0-80E2077D6902}"
EndProject
Global
	GlobalSection(SolutionConfigurationPlatforms) = preSolution
		Debug|Any CPU = Debug|Any CPU
		Release|Any CPU = Release|Any CPU
	EndGlobalSection
	GlobalSection(ProjectConfigurationPlatforms) = postSolution
		{9E95A019-87C8-498D-81B0-80E2077D6902}.Debug|Any CPU.ActiveCfg = Debug|Any CPU
		{9E95A019-87C8-498D-81B0-80E2077D6902}.Debug|Any CPU.Build.0 = Debug|Any CPU
		{9E95A019-87C8-498D-81B0-80E2077D6902}.Release|Any CPU.ActiveCfg = Release|Any CPU
		{9E95A019-87C8-498D-81B0-80E2077D6902}.Release|Any CPU.Build.0 = Release|Any CPU
	EndGlobalSection
	GlobalSection(SolutionProperties) = preSolution
		HideSolutionNode = FALSE
	EndGlobalSection
	GlobalSection(ExtensibilityGlobals) = postSolution
		SolutionGuid = {3EB0B617-E32E-454B-8474-F066BBF7F3BC}
	EndGlobalSection
EndGlobal
